
Microsoft Visual Studio Solution File, Format Version 12.00
# Visual Studio Version 17
VisualStudioVersion = 17.14.36401.2 d17.14
MinimumVisualStudioVersion = 10.0.40219.1
Project("{FAE04EC0-301F-11D3-BF4B-00C04F79EFBC}") = "6502-Emulator", "6502-Emulator\6502-Emulator.csproj", "{51A05A02-F880-4BB3-81BE-6855F8F9D467}"
EndProject
Global
	GlobalSection(SolutionConfigurationPlatforms) = preSolution
		Debug|Any CPU = Debug|Any CPU
		Release|Any CPU = Release|Any CPU
	EndGlobalSection
	GlobalSection(ProjectConfigurationPlatforms) = postSolution
		{51A05A02-F880-4BB3-81BE-6855F8F9D467}.Debug|Any CPU.ActiveCfg = Debug|Any CPU
		{51A05A02-F880-4BB3-81BE-6855F8F9D467}.Debug|Any CPU.Build.0 = Debug|Any CPU
		{51A05A02-F880-4BB3-81BE-6855F8F9D467}.Release|Any CPU.ActiveCfg = Release|Any CPU
		{51A05A02-F880-4BB3-81BE-6855F8F9D467}.Release|Any CPU.Build.0 = Release|Any CPU
	EndGlobalSection
	GlobalSection(SolutionProperties) = preSolution
		HideSolutionNode = FALSE
	EndGlobalSection
	GlobalSection(ExtensibilityGlobals) = postSolution
		SolutionGuid = {CA475902-6AEE-47E6-A609-154A8A724924}
	EndGlobalSection
EndGlobal
